
Microsoft Visual Studio Solution File, Format Version 12.00
# Visual Studio Version 17
VisualStudioVersion = 17.3.32929.385
MinimumVisualStudioVersion = 10.0.40219.1
Project("{FAE04EC0-301F-11D3-BF4B-00C04F79EFBC}") = "HotelListingApp", "HotelListingApp\HotelListingApp.csproj", "{1447180A-7C7D-4216-A48A-F37343968C19}"
EndProject
Global
	GlobalSection(SolutionConfigurationPlatforms) = preSolution
		Debug|Any CPU = Debug|Any CPU
		Release|Any CPU = Release|Any CPU
	EndGlobalSection
	GlobalSection(ProjectConfigurationPlatforms) = postSolution
		{1447180A-7C7D-4216-A48A-F37343968C19}.Debug|Any CPU.ActiveCfg = Debug|Any CPU
		{1447180A-7C7D-4216-A48A-F37343968C19}.Debug|Any CPU.Build.0 = Debug|Any CPU
		{1447180A-7C7D-4216-A48A-F37343968C19}.Release|Any CPU.ActiveCfg = Release|Any CPU
		{1447180A-7C7D-4216-A48A-F37343968C19}.Release|Any CPU.Build.0 = Release|Any CPU
	EndGlobalSection
	GlobalSection(SolutionProperties) = preSolution
		HideSolutionNode = FALSE
	EndGlobalSection
	GlobalSection(ExtensibilityGlobals) = postSolution
		SolutionGuid = {2E9273B0-FD3C-43F6-AC6A-3C275D2E0FAF}
	EndGlobalSection
EndGlobal
